<?xml version="1.0" encoding="utf-8"?>
<Project ToolsVersion="4.0" xmlns="http://schemas.microsoft.com/developer/msbuild/2003">
  <ItemGroup>
    <Filter Include="src">
      <UniqueIdentifier>{4FC737F1-C7A5-4376-A066-2A32D752A2FF}</UniqueIdentifier>
      <Extensions>cpp;c;cc;cxx;def;odl;idl;hpj;bat;asm;asmx</Extensions>
    </Filter>
    <Filter Include="src\imgui">
      <UniqueIdentifier>{e7188772-e932-43fb-b5ec-36104168b08c}</UniqueIdentifier>
    </Filter>
  </ItemGroup>
  <ItemGroup>
    <ClCompile Include="OpenVROverlay_imgui.cpp">
      <Filter>src</Filter>
    </ClCompile>
    <ClCompile Include="imgui-master\imgui.cpp">
      <Filter>src\imgui</Filter>
    </ClCompile>
    <ClCompile Include="imgui-master\imgui_demo.cpp">
      <Filter>src\imgui</Filter>
    </ClCompile>
    <ClCompile Include="imgui-master\imgui_draw.cpp">
      <Filter>src\imgui</Filter>
    </ClCompile>
    <ClCompile Include="imgui-master\imgui_widgets.cpp">
      <Filter>src\imgui</Filter>
    </ClCompile>
    <ClCompile Include="imgui-master\examples\imgui_impl_dx11.cpp">
      <Filter>src\imgui</Filter>
    </ClCompile>
    <ClCompile Include="imgui-master\examples\imgui_impl_win32.cpp">
      <Filter>src\imgui</Filter>
    </ClCompile>
  </ItemGroup>
  <ItemGroup>
    <ClInclude Include="imgui-master\imconfig.h">
      <Filter>src\imgui</Filter>
    </ClInclude>
    <ClInclude Include="imgui-master\imgui.h">
      <Filter>src\imgui</Filter>
    </ClInclude>
    <ClInclude Include="imgui-master\imgui_internal.h">
      <Filter>src\imgui</Filter>
    </ClInclude>
    <ClInclude Include="imgui-master\imstb_rectpack.h">
      <Filter>src\imgui</Filter>
    </ClInclude>
    <ClInclude Include="imgui-master\imstb_textedit.h">
      <Filter>src\imgui</Filter>
    </ClInclude>
    <ClInclude Include="imgui-master\imstb_truetype.h">
      <Filter>src\imgui</Filter>
    </ClInclude>
    <ClInclude Include="imgui-master\examples\imgui_impl_dx11.h">
      <Filter>src\imgui</Filter>
    </ClInclude>
    <ClInclude Include="imgui-master\examples\imgui_impl_win32.h">
      <Filter>src\imgui</Filter>
    </ClInclude>
  </ItemGroup>
</Project>